// !$*UTF8*$!
{
	archiveVersion = 1;
	classes = {
	};
	objectVersion = 51;
	objects = {

/* Begin PBXBuildFile section */
		8E690A8382CC163745FF5BAA /* Pods_GoAbroad.framework in Frameworks */ = {isa = PBXBuildFile; fileRef = FBB317B443C30DD9E2EC3888 /* Pods_GoAbroad.framework */; };
		D729044524CE6B94006A1A7B /* PersonalInfoTableViewController.swift in Sources */ = {isa = PBXBuildFile; fileRef = D729044424CE6B94006A1A7B /* PersonalInfoTableViewController.swift */; };
		D729044724CE72D2006A1A7B /* PersonalInfoEditViewController.swift in Sources */ = {isa = PBXBuildFile; fileRef = D729044624CE72D2006A1A7B /* PersonalInfoEditViewController.swift */; };
		D729044924CEBAF4006A1A7B /* HistoryOrderTableViewController.swift in Sources */ = {isa = PBXBuildFile; fileRef = D729044824CEBAF4006A1A7B /* HistoryOrderTableViewController.swift */; };
		D729046924D01C8C006A1A7B /* libsqlite3.tbd in Frameworks */ = {isa = PBXBuildFile; fileRef = D729046824D01C7D006A1A7B /* libsqlite3.tbd */; };
		D729047924D023BE006A1A7B /* FMDatabaseQueue.m in Sources */ = {isa = PBXBuildFile; fileRef = D729047024D023BE006A1A7B /* FMDatabaseQueue.m */; };
		D729047A24D023BE006A1A7B /* FMDatabaseAdditions.m in Sources */ = {isa = PBXBuildFile; fileRef = D729047124D023BE006A1A7B /* FMDatabaseAdditions.m */; };
		D729047B24D023BE006A1A7B /* FMDatabase.m in Sources */ = {isa = PBXBuildFile; fileRef = D729047224D023BE006A1A7B /* FMDatabase.m */; };
		D729047C24D023BE006A1A7B /* FMDatabasePool.m in Sources */ = {isa = PBXBuildFile; fileRef = D729047424D023BE006A1A7B /* FMDatabasePool.m */; };
		D729047D24D023BE006A1A7B /* FMResultSet.m in Sources */ = {isa = PBXBuildFile; fileRef = D729047724D023BE006A1A7B /* FMResultSet.m */; };
		D72904E724D07DE2006A1A7B /* FaqViewController.swift in Sources */ = {isa = PBXBuildFile; fileRef = D72904E624D07DE2006A1A7B /* FaqViewController.swift */; };
		D729050924D16E93006A1A7B /* UserOrder.swift in Sources */ = {isa = PBXBuildFile; fileRef = D729050824D16E93006A1A7B /* UserOrder.swift */; };
		D729050B24D1756A006A1A7B /* UserOrderDAO.swift in Sources */ = {isa = PBXBuildFile; fileRef = D729050A24D1756A006A1A7B /* UserOrderDAO.swift */; };
		D72986B024CD730600454E06 /* CheckOrderListViewController.swift in Sources */ = {isa = PBXBuildFile; fileRef = D72986AF24CD730600454E06 /* CheckOrderListViewController.swift */; };
		D72986B424CD9FA200454E06 /* CheckMyOrderListTableViewController.swift in Sources */ = {isa = PBXBuildFile; fileRef = D72986B324CD9FA200454E06 /* CheckMyOrderListTableViewController.swift */; };
		D72986B624CDA00600454E06 /* MyOrderDetailViewController.swift in Sources */ = {isa = PBXBuildFile; fileRef = D72986B524CDA00600454E06 /* MyOrderDetailViewController.swift */; };
		D72E421524D1BDED0049F4F6 /* RegisterPageViewController.swift in Sources */ = {isa = PBXBuildFile; fileRef = D72E421424D1BDED0049F4F6 /* RegisterPageViewController.swift */; };
		D72E421724D1BE070049F4F6 /* LoginPageViewController.swift in Sources */ = {isa = PBXBuildFile; fileRef = D72E421624D1BE070049F4F6 /* LoginPageViewController.swift */; };
		D72E421924D1D7470049F4F6 /* RegisterPageTwoViewController.swift in Sources */ = {isa = PBXBuildFile; fileRef = D72E421824D1D7470049F4F6 /* RegisterPageTwoViewController.swift */; };
		D72E421B24D29FD50049F4F6 /* GoogleService-Info.plist in Resources */ = {isa = PBXBuildFile; fileRef = D72E421A24D29FD50049F4F6 /* GoogleService-Info.plist */; };
		D72E421F24D407490049F4F6 /* GoAbroadDataBase.db in Resources */ = {isa = PBXBuildFile; fileRef = D72E421E24D407490049F4F6 /* GoAbroadDataBase.db */; };
		D75606B524CC8F15007D400D /* BookFourViewController.swift in Sources */ = {isa = PBXBuildFile; fileRef = D75606B424CC8F15007D400D /* BookFourViewController.swift */; };
		D75606B724CCA0AD007D400D /* FinalViewController.swift in Sources */ = {isa = PBXBuildFile; fileRef = D75606B624CCA0AD007D400D /* FinalViewController.swift */; };
		D7BA417A24CBE99800D90314 /* userInfo.swift in Sources */ = {isa = PBXBuildFile; fileRef = D7BA417924CBE99800D90314 /* userInfo.swift */; };
		D7BA417C24CBED8100D90314 /* BookThreeViewController.swift in Sources */ = {isa = PBXBuildFile; fileRef = D7BA417B24CBED8100D90314 /* BookThreeViewController.swift */; };
		D7F8207624CB340C00FCB1A5 /* AppDelegate.swift in Sources */ = {isa = PBXBuildFile; fileRef = D7F8207524CB340C00FCB1A5 /* AppDelegate.swift */; };
		D7F8207824CB340C00FCB1A5 /* SceneDelegate.swift in Sources */ = {isa = PBXBuildFile; fileRef = D7F8207724CB340C00FCB1A5 /* SceneDelegate.swift */; };
		D7F8207A24CB340C00FCB1A5 /* ViewController.swift in Sources */ = {isa = PBXBuildFile; fileRef = D7F8207924CB340C00FCB1A5 /* ViewController.swift */; };
		D7F8207D24CB340C00FCB1A5 /* Main.storyboard in Resources */ = {isa = PBXBuildFile; fileRef = D7F8207B24CB340C00FCB1A5 /* Main.storyboard */; };
		D7F8207F24CB340E00FCB1A5 /* Assets.xcassets in Resources */ = {isa = PBXBuildFile; fileRef = D7F8207E24CB340E00FCB1A5 /* Assets.xcassets */; };
		D7F8208224CB340E00FCB1A5 /* LaunchScreen.storyboard in Resources */ = {isa = PBXBuildFile; fileRef = D7F8208024CB340E00FCB1A5 /* LaunchScreen.storyboard */; };
		D7F8208C24CB38C400FCB1A5 /* BookOneViewController.swift in Sources */ = {isa = PBXBuildFile; fileRef = D7F8208B24CB38C400FCB1A5 /* BookOneViewController.swift */; };
		D7F8209024CB4D7600FCB1A5 /* BookTwoViewController.swift in Sources */ = {isa = PBXBuildFile; fileRef = D7F8208F24CB4D7600FCB1A5 /* BookTwoViewController.swift */; };
/* End PBXBuildFile section */

/* Begin PBXFileReference section */
		2DA1092AB166A1BCB6BE697C /* Pods-GoAbroad.debug.xcconfig */ = {isa = PBXFileReference; includeInIndex = 1; lastKnownFileType = text.xcconfig; name = "Pods-GoAbroad.debug.xcconfig"; path = "Target Support Files/Pods-GoAbroad/Pods-GoAbroad.debug.xcconfig"; sourceTree = "<group>"; };
		CBDC0F81E13AB0B7AE1F4DE2 /* Pods-GoAbroad.release.xcconfig */ = {isa = PBXFileReference; includeInIndex = 1; lastKnownFileType = text.xcconfig; name = "Pods-GoAbroad.release.xcconfig"; path = "Target Support Files/Pods-GoAbroad/Pods-GoAbroad.release.xcconfig"; sourceTree = "<group>"; };
		D729044424CE6B94006A1A7B /* PersonalInfoTableViewController.swift */ = {isa = PBXFileReference; lastKnownFileType = sourcecode.swift; path = PersonalInfoTableViewController.swift; sourceTree = "<group>"; };
		D729044624CE72D2006A1A7B /* PersonalInfoEditViewController.swift */ = {isa = PBXFileReference; lastKnownFileType = sourcecode.swift; path = PersonalInfoEditViewController.swift; sourceTree = "<group>"; };
		D729044824CEBAF4006A1A7B /* HistoryOrderTableViewController.swift */ = {isa = PBXFileReference; lastKnownFileType = sourcecode.swift; path = HistoryOrderTableViewController.swift; sourceTree = "<group>"; };
		D729046824D01C7D006A1A7B /* libsqlite3.tbd */ = {isa = PBXFileReference; lastKnownFileType = "sourcecode.text-based-dylib-definition"; name = libsqlite3.tbd; path = usr/lib/libsqlite3.tbd; sourceTree = SDKROOT; };
		D729046D24D023BD006A1A7B /* GoAbroad-Bridging-Header.h */ = {isa = PBXFileReference; lastKnownFileType = sourcecode.c.h; path = "GoAbroad-Bridging-Header.h"; sourceTree = "<group>"; };
		D729046E24D023BE006A1A7B /* FMDB.h */ = {isa = PBXFileReference; fileEncoding = 4; lastKnownFileType = sourcecode.c.h; path = FMDB.h; sourceTree = "<group>"; };
		D729046F24D023BE006A1A7B /* FMDatabaseQueue.h */ = {isa = PBXFileReference; fileEncoding = 4; lastKnownFileType = sourcecode.c.h; path = FMDatabaseQueue.h; sourceTree = "<group>"; };
		D729047024D023BE006A1A7B /* FMDatabaseQueue.m */ = {isa = PBXFileReference; fileEncoding = 4; lastKnownFileType = sourcecode.c.objc; path = FMDatabaseQueue.m; sourceTree = "<group>"; };
		D729047124D023BE006A1A7B /* FMDatabaseAdditions.m */ = {isa = PBXFileReference; fileEncoding = 4; lastKnownFileType = sourcecode.c.objc; path = FMDatabaseAdditions.m; sourceTree = "<group>"; };
		D729047224D023BE006A1A7B /* FMDatabase.m */ = {isa = PBXFileReference; fileEncoding = 4; lastKnownFileType = sourcecode.c.objc; path = FMDatabase.m; sourceTree = "<group>"; };
		D729047324D023BE006A1A7B /* FMDatabase.h */ = {isa = PBXFileReference; fileEncoding = 4; lastKnownFileType = sourcecode.c.h; path = FMDatabase.h; sourceTree = "<group>"; };
		D729047424D023BE006A1A7B /* FMDatabasePool.m */ = {isa = PBXFileReference; fileEncoding = 4; lastKnownFileType = sourcecode.c.objc; path = FMDatabasePool.m; sourceTree = "<group>"; };
		D729047524D023BE006A1A7B /* FMDatabaseAdditions.h */ = {isa = PBXFileReference; fileEncoding = 4; lastKnownFileType = sourcecode.c.h; path = FMDatabaseAdditions.h; sourceTree = "<group>"; };
		D729047624D023BE006A1A7B /* FMResultSet.h */ = {isa = PBXFileReference; fileEncoding = 4; lastKnownFileType = sourcecode.c.h; path = FMResultSet.h; sourceTree = "<group>"; };
		D729047724D023BE006A1A7B /* FMResultSet.m */ = {isa = PBXFileReference; fileEncoding = 4; lastKnownFileType = sourcecode.c.objc; path = FMResultSet.m; sourceTree = "<group>"; };
		D729047824D023BE006A1A7B /* FMDatabasePool.h */ = {isa = PBXFileReference; fileEncoding = 4; lastKnownFileType = sourcecode.c.h; path = FMDatabasePool.h; sourceTree = "<group>"; };
		D72904E624D07DE2006A1A7B /* FaqViewController.swift */ = {isa = PBXFileReference; lastKnownFileType = sourcecode.swift; path = FaqViewController.swift; sourceTree = "<group>"; };
		D729050824D16E93006A1A7B /* UserOrder.swift */ = {isa = PBXFileReference; lastKnownFileType = sourcecode.swift; path = UserOrder.swift; sourceTree = "<group>"; };
		D729050A24D1756A006A1A7B /* UserOrderDAO.swift */ = {isa = PBXFileReference; lastKnownFileType = sourcecode.swift; path = UserOrderDAO.swift; sourceTree = "<group>"; };
		D72986AF24CD730600454E06 /* CheckOrderListViewController.swift */ = {isa = PBXFileReference; lastKnownFileType = sourcecode.swift; path = CheckOrderListViewController.swift; sourceTree = "<group>"; };
		D72986B324CD9FA200454E06 /* CheckMyOrderListTableViewController.swift */ = {isa = PBXFileReference; lastKnownFileType = sourcecode.swift; path = CheckMyOrderListTableViewController.swift; sourceTree = "<group>"; };
		D72986B524CDA00600454E06 /* MyOrderDetailViewController.swift */ = {isa = PBXFileReference; lastKnownFileType = sourcecode.swift; path = MyOrderDetailViewController.swift; sourceTree = "<group>"; };
		D72E421424D1BDED0049F4F6 /* RegisterPageViewController.swift */ = {isa = PBXFileReference; lastKnownFileType = sourcecode.swift; path = RegisterPageViewController.swift; sourceTree = "<group>"; };
		D72E421624D1BE070049F4F6 /* LoginPageViewController.swift */ = {isa = PBXFileReference; lastKnownFileType = sourcecode.swift; path = LoginPageViewController.swift; sourceTree = "<group>"; };
		D72E421824D1D7470049F4F6 /* RegisterPageTwoViewController.swift */ = {isa = PBXFileReference; lastKnownFileType = sourcecode.swift; path = RegisterPageTwoViewController.swift; sourceTree = "<group>"; };
		D72E421A24D29FD50049F4F6 /* GoogleService-Info.plist */ = {isa = PBXFileReference; fileEncoding = 4; lastKnownFileType = text.plist.xml; name = "GoogleService-Info.plist"; path = "../../../Downloads/GoogleService-Info.plist"; sourceTree = "<group>"; };
		D72E421E24D407490049F4F6 /* GoAbroadDataBase.db */ = {isa = PBXFileReference; lastKnownFileType = file; path = GoAbroadDataBase.db; sourceTree = "<group>"; };
		D75606B424CC8F15007D400D /* BookFourViewController.swift */ = {isa = PBXFileReference; lastKnownFileType = sourcecode.swift; path = BookFourViewController.swift; sourceTree = "<group>"; };
		D75606B624CCA0AD007D400D /* FinalViewController.swift */ = {isa = PBXFileReference; lastKnownFileType = sourcecode.swift; path = FinalViewController.swift; sourceTree = "<group>"; };
		D7BA417924CBE99800D90314 /* userInfo.swift */ = {isa = PBXFileReference; lastKnownFileType = sourcecode.swift; path = userInfo.swift; sourceTree = "<group>"; };
		D7BA417B24CBED8100D90314 /* BookThreeViewController.swift */ = {isa = PBXFileReference; lastKnownFileType = sourcecode.swift; path = BookThreeViewController.swift; sourceTree = "<group>"; };
		D7F8207224CB340C00FCB1A5 /* GoAbroad.app */ = {isa = PBXFileReference; explicitFileType = wrapper.application; includeInIndex = 0; path = GoAbroad.app; sourceTree = BUILT_PRODUCTS_DIR; };
		D7F8207524CB340C00FCB1A5 /* AppDelegate.swift */ = {isa = PBXFileReference; lastKnownFileType = sourcecode.swift; path = AppDelegate.swift; sourceTree = "<group>"; };
		D7F8207724CB340C00FCB1A5 /* SceneDelegate.swift */ = {isa = PBXFileReference; lastKnownFileType = sourcecode.swift; path = SceneDelegate.swift; sourceTree = "<group>"; };
		D7F8207924CB340C00FCB1A5 /* ViewController.swift */ = {isa = PBXFileReference; lastKnownFileType = sourcecode.swift; path = ViewController.swift; sourceTree = "<group>"; };
		D7F8207C24CB340C00FCB1A5 /* Base */ = {isa = PBXFileReference; lastKnownFileType = file.storyboard; name = Base; path = Base.lproj/Main.storyboard; sourceTree = "<group>"; };
		D7F8207E24CB340E00FCB1A5 /* Assets.xcassets */ = {isa = PBXFileReference; lastKnownFileType = folder.assetcatalog; path = Assets.xcassets; sourceTree = "<group>"; };
		D7F8208124CB340E00FCB1A5 /* Base */ = {isa = PBXFileReference; lastKnownFileType = file.storyboard; name = Base; path = Base.lproj/LaunchScreen.storyboard; sourceTree = "<group>"; };
		D7F8208324CB340E00FCB1A5 /* Info.plist */ = {isa = PBXFileReference; lastKnownFileType = text.plist.xml; path = Info.plist; sourceTree = "<group>"; };
		D7F8208B24CB38C400FCB1A5 /* BookOneViewController.swift */ = {isa = PBXFileReference; lastKnownFileType = sourcecode.swift; path = BookOneViewController.swift; sourceTree = "<group>"; };
		D7F8208F24CB4D7600FCB1A5 /* BookTwoViewController.swift */ = {isa = PBXFileReference; lastKnownFileType = sourcecode.swift; path = BookTwoViewController.swift; sourceTree = "<group>"; };
		FBB317B443C30DD9E2EC3888 /* Pods_GoAbroad.framework */ = {isa = PBXFileReference; explicitFileType = wrapper.framework; includeInIndex = 0; path = Pods_GoAbroad.framework; sourceTree = BUILT_PRODUCTS_DIR; };
/* End PBXFileReference section */

/* Begin PBXFrameworksBuildPhase section */
		D7F8206F24CB340C00FCB1A5 /* Frameworks */ = {
			isa = PBXFrameworksBuildPhase;
			buildActionMask = 2147483647;
			files = (
				D729046924D01C8C006A1A7B /* libsqlite3.tbd in Frameworks */,
				8E690A8382CC163745FF5BAA /* Pods_GoAbroad.framework in Frameworks */,
			);
			runOnlyForDeploymentPostprocessing = 0;
		};
/* End PBXFrameworksBuildPhase section */

/* Begin PBXGroup section */
		AC641B5973D09F18901059FF /* Pods */ = {
			isa = PBXGroup;
			children = (
				2DA1092AB166A1BCB6BE697C /* Pods-GoAbroad.debug.xcconfig */,
				CBDC0F81E13AB0B7AE1F4DE2 /* Pods-GoAbroad.release.xcconfig */,
			);
			path = Pods;
			sourceTree = "<group>";
		};
		D729046324D007CF006A1A7B /* DataBase */ = {
			isa = PBXGroup;
			children = (
				D72E421E24D407490049F4F6 /* GoAbroadDataBase.db */,
			);
			path = DataBase;
			sourceTree = "<group>";
		};
		D729046424D00AA9006A1A7B /* Modal */ = {
			isa = PBXGroup;
			children = (
				D729050824D16E93006A1A7B /* UserOrder.swift */,
				D729050A24D1756A006A1A7B /* UserOrderDAO.swift */,
			);
			path = Modal;
			sourceTree = "<group>";
		};
		D729046724D01C7D006A1A7B /* Frameworks */ = {
			isa = PBXGroup;
			children = (
				D729046824D01C7D006A1A7B /* libsqlite3.tbd */,
				FBB317B443C30DD9E2EC3888 /* Pods_GoAbroad.framework */,
			);
			name = Frameworks;
			sourceTree = "<group>";
		};
		D729046C24D0235E006A1A7B /* fmdb */ = {
			isa = PBXGroup;
			children = (
				D729047324D023BE006A1A7B /* FMDatabase.h */,
				D729047224D023BE006A1A7B /* FMDatabase.m */,
				D729047524D023BE006A1A7B /* FMDatabaseAdditions.h */,
				D729047124D023BE006A1A7B /* FMDatabaseAdditions.m */,
				D729047824D023BE006A1A7B /* FMDatabasePool.h */,
				D729047424D023BE006A1A7B /* FMDatabasePool.m */,
				D729046F24D023BE006A1A7B /* FMDatabaseQueue.h */,
				D729047024D023BE006A1A7B /* FMDatabaseQueue.m */,
				D729046E24D023BE006A1A7B /* FMDB.h */,
				D729047624D023BE006A1A7B /* FMResultSet.h */,
				D729047724D023BE006A1A7B /* FMResultSet.m */,
				D729046D24D023BD006A1A7B /* GoAbroad-Bridging-Header.h */,
			);
			path = fmdb;
			sourceTree = "<group>";
		};
		D7F8206924CB340B00FCB1A5 = {
			isa = PBXGroup;
			children = (
				D7F8207424CB340C00FCB1A5 /* GoAbroad */,
				D7F8207324CB340C00FCB1A5 /* Products */,
				D729046724D01C7D006A1A7B /* Frameworks */,
				AC641B5973D09F18901059FF /* Pods */,
			);
			sourceTree = "<group>";
		};
		D7F8207324CB340C00FCB1A5 /* Products */ = {
			isa = PBXGroup;
			children = (
				D7F8207224CB340C00FCB1A5 /* GoAbroad.app */,
			);
			name = Products;
			sourceTree = "<group>";
		};
		D7F8207424CB340C00FCB1A5 /* GoAbroad */ = {
			isa = PBXGroup;
			children = (
				D7F8208924CB35C300FCB1A5 /* View */,
				D729046424D00AA9006A1A7B /* Modal */,
				D7F8208A24CB35E400FCB1A5 /* Controller */,
				D729046324D007CF006A1A7B /* DataBase */,
				D729046C24D0235E006A1A7B /* fmdb */,
				D7F8207524CB340C00FCB1A5 /* AppDelegate.swift */,
				D7F8207724CB340C00FCB1A5 /* SceneDelegate.swift */,
				D72E421A24D29FD50049F4F6 /* GoogleService-Info.plist */,
				D7BA417924CBE99800D90314 /* userInfo.swift */,
				D7F8207E24CB340E00FCB1A5 /* Assets.xcassets */,
				D7F8208024CB340E00FCB1A5 /* LaunchScreen.storyboard */,
				D72986AF24CD730600454E06 /* CheckOrderListViewController.swift */,
				D7F8208324CB340E00FCB1A5 /* Info.plist */,
			);
			path = GoAbroad;
			sourceTree = "<group>";
		};
		D7F8208924CB35C300FCB1A5 /* View */ = {
			isa = PBXGroup;
			children = (
				D7F8207B24CB340C00FCB1A5 /* Main.storyboard */,
			);
			path = View;
			sourceTree = "<group>";
		};
		D7F8208A24CB35E400FCB1A5 /* Controller */ = {
			isa = PBXGroup;
			children = (
				D7F8207924CB340C00FCB1A5 /* ViewController.swift */,
				D7F8208B24CB38C400FCB1A5 /* BookOneViewController.swift */,
				D7F8208F24CB4D7600FCB1A5 /* BookTwoViewController.swift */,
				D7BA417B24CBED8100D90314 /* BookThreeViewController.swift */,
				D75606B424CC8F15007D400D /* BookFourViewController.swift */,
				D75606B624CCA0AD007D400D /* FinalViewController.swift */,
				D72986B324CD9FA200454E06 /* CheckMyOrderListTableViewController.swift */,
				D72986B524CDA00600454E06 /* MyOrderDetailViewController.swift */,
				D729044424CE6B94006A1A7B /* PersonalInfoTableViewController.swift */,
				D729044624CE72D2006A1A7B /* PersonalInfoEditViewController.swift */,
				D729044824CEBAF4006A1A7B /* HistoryOrderTableViewController.swift */,
				D72904E624D07DE2006A1A7B /* FaqViewController.swift */,
				D72E421624D1BE070049F4F6 /* LoginPageViewController.swift */,
				D72E421424D1BDED0049F4F6 /* RegisterPageViewController.swift */,
				D72E421824D1D7470049F4F6 /* RegisterPageTwoViewController.swift */,
			);
			path = Controller;
			sourceTree = "<group>";
		};
/* End PBXGroup section */

/* Begin PBXNativeTarget section */
		D7F8207124CB340C00FCB1A5 /* GoAbroad */ = {
			isa = PBXNativeTarget;
			buildConfigurationList = D7F8208624CB340E00FCB1A5 /* Build configuration list for PBXNativeTarget "GoAbroad" */;
			buildPhases = (
				A90B5D6033A09616903A2882 /* [CP] Check Pods Manifest.lock */,
				D7F8206E24CB340C00FCB1A5 /* Sources */,
				D7F8206F24CB340C00FCB1A5 /* Frameworks */,
				D7F8207024CB340C00FCB1A5 /* Resources */,
				A3DCBA12F94C7AD9349EB18D /* [CP] Embed Pods Frameworks */,
			);
			buildRules = (
			);
			dependencies = (
			);
			name = GoAbroad;
			productName = GoAbroad;
			productReference = D7F8207224CB340C00FCB1A5 /* GoAbroad.app */;
			productType = "com.apple.product-type.application";
		};
/* End PBXNativeTarget section */

/* Begin PBXProject section */
		D7F8206A24CB340B00FCB1A5 /* Project object */ = {
			isa = PBXProject;
			attributes = {
				LastSwiftUpdateCheck = 1160;
				LastUpgradeCheck = 1160;
				ORGANIZATIONNAME = JeanneHsieh;
				TargetAttributes = {
					D7F8207124CB340C00FCB1A5 = {
						CreatedOnToolsVersion = 11.6;
						LastSwiftMigration = 1160;
					};
				};
			};
			buildConfigurationList = D7F8206D24CB340C00FCB1A5 /* Build configuration list for PBXProject "GoAbroad" */;
			compatibilityVersion = "Xcode 9.3";
			developmentRegion = en;
			hasScannedForEncodings = 0;
			knownRegions = (
				en,
				Base,
			);
			mainGroup = D7F8206924CB340B00FCB1A5;
			productRefGroup = D7F8207324CB340C00FCB1A5 /* Products */;
			projectDirPath = "";
			projectRoot = "";
			targets = (
				D7F8207124CB340C00FCB1A5 /* GoAbroad */,
			);
		};
/* End PBXProject section */

/* Begin PBXResourcesBuildPhase section */
		D7F8207024CB340C00FCB1A5 /* Resources */ = {
			isa = PBXResourcesBuildPhase;
			buildActionMask = 2147483647;
			files = (
				D7F8208224CB340E00FCB1A5 /* LaunchScreen.storyboard in Resources */,
				D7F8207F24CB340E00FCB1A5 /* Assets.xcassets in Resources */,
				D72E421B24D29FD50049F4F6 /* GoogleService-Info.plist in Resources */,
				D72E421F24D407490049F4F6 /* GoAbroadDataBase.db in Resources */,
				D7F8207D24CB340C00FCB1A5 /* Main.storyboard in Resources */,
			);
			runOnlyForDeploymentPostprocessing = 0;
		};
/* End PBXResourcesBuildPhase section */

/* Begin PBXShellScriptBuildPhase section */
		A3DCBA12F94C7AD9349EB18D /* [CP] Embed Pods Frameworks */ = {
			isa = PBXShellScriptBuildPhase;
			buildActionMask = 2147483647;
			files = (
			);
			inputFileListPaths = (
				"${PODS_ROOT}/Target Support Files/Pods-GoAbroad/Pods-GoAbroad-frameworks-${CONFIGURATION}-input-files.xcfilelist",
			);
			name = "[CP] Embed Pods Frameworks";
			outputFileListPaths = (
				"${PODS_ROOT}/Target Support Files/Pods-GoAbroad/Pods-GoAbroad-frameworks-${CONFIGURATION}-output-files.xcfilelist",
			);
			runOnlyForDeploymentPostprocessing = 0;
			shellPath = /bin/sh;
			shellScript = "\"${PODS_ROOT}/Target Support Files/Pods-GoAbroad/Pods-GoAbroad-frameworks.sh\"\n";
			showEnvVarsInLog = 0;
		};
		A90B5D6033A09616903A2882 /* [CP] Check Pods Manifest.lock */ = {
			isa = PBXShellScriptBuildPhase;
			buildActionMask = 2147483647;
			files = (
			);
			inputFileListPaths = (
			);
			inputPaths = (
				"${PODS_PODFILE_DIR_PATH}/Podfile.lock",
				"${PODS_ROOT}/Manifest.lock",
			);
			name = "[CP] Check Pods Manifest.lock";
			outputFileListPaths = (
			);
			outputPaths = (
				"$(DERIVED_FILE_DIR)/Pods-GoAbroad-checkManifestLockResult.txt",
			);
			runOnlyForDeploymentPostprocessing = 0;
			shellPath = /bin/sh;
			shellScript = "diff \"${PODS_PODFILE_DIR_PATH}/Podfile.lock\" \"${PODS_ROOT}/Manifest.lock\" > /dev/null\nif [ $? != 0 ] ; then\n    # print error to STDERR\n    echo \"error: The sandbox is not in sync with the Podfile.lock. Run 'pod install' or update your CocoaPods installation.\" >&2\n    exit 1\nfi\n# This output is used by Xcode 'outputs' to avoid re-running this script phase.\necho \"SUCCESS\" > \"${SCRIPT_OUTPUT_FILE_0}\"\n";
			showEnvVarsInLog = 0;
		};
/* End PBXShellScriptBuildPhase section */

/* Begin PBXSourcesBuildPhase section */
		D7F8206E24CB340C00FCB1A5 /* Sources */ = {
			isa = PBXSourcesBuildPhase;
			buildActionMask = 2147483647;
			files = (
				D7BA417A24CBE99800D90314 /* userInfo.swift in Sources */,
				D75606B724CCA0AD007D400D /* FinalViewController.swift in Sources */,
				D729047C24D023BE006A1A7B /* FMDatabasePool.m in Sources */,
				D7F8207A24CB340C00FCB1A5 /* ViewController.swift in Sources */,
				D729047B24D023BE006A1A7B /* FMDatabase.m in Sources */,
				D7F8207624CB340C00FCB1A5 /* AppDelegate.swift in Sources */,
				D729047A24D023BE006A1A7B /* FMDatabaseAdditions.m in Sources */,
				D729044524CE6B94006A1A7B /* PersonalInfoTableViewController.swift in Sources */,
				D72E421724D1BE070049F4F6 /* LoginPageViewController.swift in Sources */,
				D7F8209024CB4D7600FCB1A5 /* BookTwoViewController.swift in Sources */,
				D72E421524D1BDED0049F4F6 /* RegisterPageViewController.swift in Sources */,
				D7F8208C24CB38C400FCB1A5 /* BookOneViewController.swift in Sources */,
				D729044924CEBAF4006A1A7B /* HistoryOrderTableViewController.swift in Sources */,
				D729050924D16E93006A1A7B /* UserOrder.swift in Sources */,
				D72986B624CDA00600454E06 /* MyOrderDetailViewController.swift in Sources */,
				D729047924D023BE006A1A7B /* FMDatabaseQueue.m in Sources */,
				D729044724CE72D2006A1A7B /* PersonalInfoEditViewController.swift in Sources */,
				D729050B24D1756A006A1A7B /* UserOrderDAO.swift in Sources */,
				D729047D24D023BE006A1A7B /* FMResultSet.m in Sources */,
				D75606B524CC8F15007D400D /* BookFourViewController.swift in Sources */,
				D72986B424CD9FA200454E06 /* CheckMyOrderListTableViewController.swift in Sources */,
				D7F8207824CB340C00FCB1A5 /* SceneDelegate.swift in Sources */,
				D72986B024CD730600454E06 /* CheckOrderListViewController.swift in Sources */,
				D7BA417C24CBED8100D90314 /* BookThreeViewController.swift in Sources */,
				D72904E724D07DE2006A1A7B /* FaqViewController.swift in Sources */,
				D72E421924D1D7470049F4F6 /* RegisterPageTwoViewController.swift in Sources */,
			);
			runOnlyForDeploymentPostprocessing = 0;
		};
/* End PBXSourcesBuildPhase section */

/* Begin PBXVariantGroup section */
		D7F8207B24CB340C00FCB1A5 /* Main.storyboard */ = {
			isa = PBXVariantGroup;
			children = (
				D7F8207C24CB340C00FCB1A5 /* Base */,
			);
			name = Main.storyboard;
			sourceTree = "<group>";
		};
		D7F8208024CB340E00FCB1A5 /* LaunchScreen.storyboard */ = {
			isa = PBXVariantGroup;
			children = (
				D7F8208124CB340E00FCB1A5 /* Base */,
			);
			name = LaunchScreen.storyboard;
			sourceTree = "<group>";
		};
/* End PBXVariantGroup section */

/* Begin XCBuildConfiguration section */
		D7F8208424CB340E00FCB1A5 /* Debug */ = {
			isa = XCBuildConfiguration;
			buildSettings = {
				ALWAYS_SEARCH_USER_PATHS = NO;
				CLANG_ANALYZER_NONNULL = YES;
				CLANG_ANALYZER_NUMBER_OBJECT_CONVERSION = YES_AGGRESSIVE;
				CLANG_CXX_LANGUAGE_STANDARD = "gnu++14";
				CLANG_CXX_LIBRARY = "libc++";
				CLANG_ENABLE_MODULES = YES;
				CLANG_ENABLE_OBJC_ARC = YES;
				CLANG_ENABLE_OBJC_WEAK = YES;
				CLANG_WARN_BLOCK_CAPTURE_AUTORELEASING = YES;
				CLANG_WARN_BOOL_CONVERSION = YES;
				CLANG_WARN_COMMA = YES;
				CLANG_WARN_CONSTANT_CONVERSION = YES;
				CLANG_WARN_DEPRECATED_OBJC_IMPLEMENTATIONS = YES;
				CLANG_WARN_DIRECT_OBJC_ISA_USAGE = YES_ERROR;
				CLANG_WARN_DOCUMENTATION_COMMENTS = YES;
				CLANG_WARN_EMPTY_BODY = YES;
				CLANG_WARN_ENUM_CONVERSION = YES;
				CLANG_WARN_INFINITE_RECURSION = YES;
				CLANG_WARN_INT_CONVERSION = YES;
				CLANG_WARN_NON_LITERAL_NULL_CONVERSION = YES;
				CLANG_WARN_OBJC_IMPLICIT_RETAIN_SELF = YES;
				CLANG_WARN_OBJC_LITERAL_CONVERSION = YES;
				CLANG_WARN_OBJC_ROOT_CLASS = YES_ERROR;
				CLANG_WARN_RANGE_LOOP_ANALYSIS = YES;
				CLANG_WARN_STRICT_PROTOTYPES = YES;
				CLANG_WARN_SUSPICIOUS_MOVE = YES;
				CLANG_WARN_UNGUARDED_AVAILABILITY = YES_AGGRESSIVE;
				CLANG_WARN_UNREACHABLE_CODE = YES;
				CLANG_WARN__DUPLICATE_METHOD_MATCH = YES;
				COPY_PHASE_STRIP = NO;
				DEBUG_INFORMATION_FORMAT = dwarf;
				ENABLE_STRICT_OBJC_MSGSEND = YES;
				ENABLE_TESTABILITY = YES;
				GCC_C_LANGUAGE_STANDARD = gnu11;
				GCC_DYNAMIC_NO_PIC = NO;
				GCC_NO_COMMON_BLOCKS = YES;
				GCC_OPTIMIZATION_LEVEL = 0;
				GCC_PREPROCESSOR_DEFINITIONS = (
					"DEBUG=1",
					"$(inherited)",
				);
				GCC_WARN_64_TO_32_BIT_CONVERSION = YES;
				GCC_WARN_ABOUT_RETURN_TYPE = YES_ERROR;
				GCC_WARN_UNDECLARED_SELECTOR = YES;
				GCC_WARN_UNINITIALIZED_AUTOS = YES_AGGRESSIVE;
				GCC_WARN_UNUSED_FUNCTION = YES;
				GCC_WARN_UNUSED_VARIABLE = YES;
				IPHONEOS_DEPLOYMENT_TARGET = 13.6;
				MTL_ENABLE_DEBUG_INFO = INCLUDE_SOURCE;
				MTL_FAST_MATH = YES;
				ONLY_ACTIVE_ARCH = YES;
				SDKROOT = iphoneos;
				SWIFT_ACTIVE_COMPILATION_CONDITIONS = DEBUG;
				SWIFT_OPTIMIZATION_LEVEL = "-Onone";
			};
			name = Debug;
		};
		D7F8208524CB340E00FCB1A5 /* Release */ = {
			isa = XCBuildConfiguration;
			buildSettings = {
				ALWAYS_SEARCH_USER_PATHS = NO;
				CLANG_ANALYZER_NONNULL = YES;
				CLANG_ANALYZER_NUMBER_OBJECT_CONVERSION = YES_AGGRESSIVE;
				CLANG_CXX_LANGUAGE_STANDARD = "gnu++14";
				CLANG_CXX_LIBRARY = "libc++";
				CLANG_ENABLE_MODULES = YES;
				CLANG_ENABLE_OBJC_ARC = YES;
				CLANG_ENABLE_OBJC_WEAK = YES;
				CLANG_WARN_BLOCK_CAPTURE_AUTORELEASING = YES;
				CLANG_WARN_BOOL_CONVERSION = YES;
				CLANG_WARN_COMMA = YES;
				CLANG_WARN_CONSTANT_CONVERSION = YES;
				CLANG_WARN_DEPRECATED_OBJC_IMPLEMENTATIONS = YES;
				CLANG_WARN_DIRECT_OBJC_ISA_USAGE = YES_ERROR;
				CLANG_WARN_DOCUMENTATION_COMMENTS = YES;
				CLANG_WARN_EMPTY_BODY = YES;
				CLANG_WARN_ENUM_CONVERSION = YES;
				CLANG_WARN_INFINITE_RECURSION = YES;
				CLANG_WARN_INT_CONVERSION = YES;
				CLANG_WARN_NON_LITERAL_NULL_CONVERSION = YES;
				CLANG_WARN_OBJC_IMPLICIT_RETAIN_SELF = YES;
				CLANG_WARN_OBJC_LITERAL_CONVERSION = YES;
				CLANG_WARN_OBJC_ROOT_CLASS = YES_ERROR;
				CLANG_WARN_RANGE_LOOP_ANALYSIS = YES;
				CLANG_WARN_STRICT_PROTOTYPES = YES;
				CLANG_WARN_SUSPICIOUS_MOVE = YES;
				CLANG_WARN_UNGUARDED_AVAILABILITY = YES_AGGRESSIVE;
				CLANG_WARN_UNREACHABLE_CODE = YES;
				CLANG_WARN__DUPLICATE_METHOD_MATCH = YES;
				COPY_PHASE_STRIP = NO;
				DEBUG_INFORMATION_FORMAT = "dwarf-with-dsym";
				ENABLE_NS_ASSERTIONS = NO;
				ENABLE_STRICT_OBJC_MSGSEND = YES;
				GCC_C_LANGUAGE_STANDARD = gnu11;
				GCC_NO_COMMON_BLOCKS = YES;
				GCC_WARN_64_TO_32_BIT_CONVERSION = YES;
				GCC_WARN_ABOUT_RETURN_TYPE = YES_ERROR;
				GCC_WARN_UNDECLARED_SELECTOR = YES;
				GCC_WARN_UNINITIALIZED_AUTOS = YES_AGGRESSIVE;
				GCC_WARN_UNUSED_FUNCTION = YES;
				GCC_WARN_UNUSED_VARIABLE = YES;
				IPHONEOS_DEPLOYMENT_TARGET = 13.6;
				MTL_ENABLE_DEBUG_INFO = NO;
				MTL_FAST_MATH = YES;
				SDKROOT = iphoneos;
				SWIFT_COMPILATION_MODE = wholemodule;
				SWIFT_OPTIMIZATION_LEVEL = "-O";
				VALIDATE_PRODUCT = YES;
			};
			name = Release;
		};
		D7F8208724CB340E00FCB1A5 /* Debug */ = {
			isa = XCBuildConfiguration;
			baseConfigurationReference = 2DA1092AB166A1BCB6BE697C /* Pods-GoAbroad.debug.xcconfig */;
			buildSettings = {
				ASSETCATALOG_COMPILER_APPICON_NAME = AppIcon;
				CLANG_ENABLE_MODULES = YES;
				CODE_SIGN_STYLE = Automatic;
				DEVELOPMENT_TEAM = GWK55W89L9;
				INFOPLIST_FILE = GoAbroad/Info.plist;
				IPHONEOS_DEPLOYMENT_TARGET = 13.5;
				LD_RUNPATH_SEARCH_PATHS = (
					"$(inherited)",
					"@executable_path/Frameworks",
				);
				PRODUCT_BUNDLE_IDENTIFIER = hyc.GoAbroad;
				PRODUCT_NAME = "$(TARGET_NAME)";
				SWIFT_OBJC_BRIDGING_HEADER = "GoAbroad/fmdb/GoAbroad-Bridging-Header.h";
				SWIFT_OPTIMIZATION_LEVEL = "-Onone";
				SWIFT_VERSION = 5.0;
				TARGETED_DEVICE_FAMILY = "1,2";
			};
			name = Debug;
		};
		D7F8208824CB340E00FCB1A5 /* Release */ = {
			isa = XCBuildConfiguration;
			baseConfigurationReference = CBDC0F81E13AB0B7AE1F4DE2 /* Pods-GoAbroad.release.xcconfig */;
			buildSettings = {
				ASSETCATALOG_COMPILER_APPICON_NAME = AppIcon;
				CLANG_ENABLE_MODULES = YES;
				CODE_SIGN_STYLE = Automatic;
				DEVELOPMENT_TEAM = GWK55W89L9;
				INFOPLIST_FILE = GoAbroad/Info.plist;
				IPHONEOS_DEPLOYMENT_TARGET = 13.5;
				LD_RUNPATH_SEARCH_PATHS = (
					"$(inherited)",
					"@executable_path/Frameworks",
				);
				PRODUCT_BUNDLE_IDENTIFIER = hyc.GoAbroad;
				PRODUCT_NAME = "$(TARGET_NAME)";
				SWIFT_OBJC_BRIDGING_HEADER = "GoAbroad/fmdb/GoAbroad-Bridging-Header.h";
				SWIFT_VERSION = 5.0;
				TARGETED_DEVICE_FAMILY = "1,2";
			};
			name = Release;
		};
/* End XCBuildConfiguration section */

/* Begin XCConfigurationList section */
		D7F8206D24CB340C00FCB1A5 /* Build configuration list for PBXProject "GoAbroad" */ = {
			isa = XCConfigurationList;
			buildConfigurations = (
				D7F8208424CB340E00FCB1A5 /* Debug */,
				D7F8208524CB340E00FCB1A5 /* Release */,
			);
			defaultConfigurationIsVisible = 0;
			defaultConfigurationName = Release;
		};
		D7F8208624CB340E00FCB1A5 /* Build configuration list for PBXNativeTarget "GoAbroad" */ = {
			isa = XCConfigurationList;
			buildConfigurations = (
				D7F8208724CB340E00FCB1A5 /* Debug */,
				D7F8208824CB340E00FCB1A5 /* Release */,
			);
			defaultConfigurationIsVisible = 0;
			defaultConfigurationName = Release;
		};
/* End XCConfigurationList section */
	};
	rootObject = D7F8206A24CB340B00FCB1A5 /* Project object */;
}
